
Microsoft Visual Studio Solution File, Format Version 12.00
# Visual Studio 15
VisualStudioVersion = 15.0.27004.2010
MinimumVisualStudioVersion = 10.0.40219.1
Project("{FAE04EC0-301F-11D3-BF4B-00C04F79EFBC}") = "Frends.Community.FixedWidthFlatFile", "Frends.Community.FixedWidthFlatFile\Frends.Community.FixedWidthFlatFile.csproj", "{0E8C5741-16BE-4314-98B2-3F6C868F40B7}"
EndProject
Project("{2150E333-8FDC-42A3-9474-1A3956D46DE8}") = "Solution Items", "Solution Items", "{BA7059DC-EAC6-4504-AA01-B2199D0C0EB0}"
	ProjectSection(SolutionItems) = preProject
		nuspec\Frends.Community.FixedWidthFlatFile.nuspec = nuspec\Frends.Community.FixedWidthFlatFile.nuspec
		Frends.Community.FixedWidthFlatFile\FrendsTaskMetadata.json = Frends.Community.FixedWidthFlatFile\FrendsTaskMetadata.json
		LICENSE = LICENSE
		README.md = README.md
	EndProjectSection
EndProject
Project("{FAE04EC0-301F-11D3-BF4B-00C04F79EFBC}") = "Frends.Community.FixedWidthFlatFile.Tests", "Frends.Community.FixedWidthFlatFile.Tests\Frends.Community.FixedWidthFlatFile.Tests.csproj", "{6BE4B832-6F0E-45F0-82EF-DB749DCFFACD}"
EndProject
Global
	GlobalSection(SolutionConfigurationPlatforms) = preSolution
		Debug|Any CPU = Debug|Any CPU
		Release|Any CPU = Release|Any CPU
	EndGlobalSection
	GlobalSection(ProjectConfigurationPlatforms) = postSolution
		{0E8C5741-16BE-4314-98B2-3F6C868F40B7}.Debug|Any CPU.ActiveCfg = Debug|Any CPU
		{0E8C5741-16BE-4314-98B2-3F6C868F40B7}.Debug|Any CPU.Build.0 = Debug|Any CPU
		{0E8C5741-16BE-4314-98B2-3F6C868F40B7}.Release|Any CPU.ActiveCfg = Release|Any CPU
		{0E8C5741-16BE-4314-98B2-3F6C868F40B7}.Release|Any CPU.Build.0 = Release|Any CPU
		{6BE4B832-6F0E-45F0-82EF-DB749DCFFACD}.Debug|Any CPU.ActiveCfg = Debug|Any CPU
		{6BE4B832-6F0E-45F0-82EF-DB749DCFFACD}.Debug|Any CPU.Build.0 = Debug|Any CPU
		{6BE4B832-6F0E-45F0-82EF-DB749DCFFACD}.Release|Any CPU.ActiveCfg = Release|Any CPU
		{6BE4B832-6F0E-45F0-82EF-DB749DCFFACD}.Release|Any CPU.Build.0 = Release|Any CPU
	EndGlobalSection
	GlobalSection(SolutionProperties) = preSolution
		HideSolutionNode = FALSE
	EndGlobalSection
	GlobalSection(ExtensibilityGlobals) = postSolution
		SolutionGuid = {6B2762FA-3388-48A3-B9E7-E53FBB2401CD}
	EndGlobalSection
EndGlobal
